// !$*UTF8*$!
{
	archiveVersion = 1;
	classes = {
	};
	objectVersion = 77;
	objects = {

/* Begin PBXContainerItemProxy section */
		0456ACBC2CAD019D00F8431E /* PBXContainerItemProxy */ = {
			isa = PBXContainerItemProxy;
			containerPortal = 0456ACA32CAD019C00F8431E /* Project object */;
			proxyType = 1;
			remoteGlobalIDString = 0456ACAA2CAD019C00F8431E;
			remoteInfo = FetchData;
		};
		0456ACC62CAD019D00F8431E /* PBXContainerItemProxy */ = {
			isa = PBXContainerItemProxy;
			containerPortal = 0456ACA32CAD019C00F8431E /* Project object */;
			proxyType = 1;
			remoteGlobalIDString = 0456ACAA2CAD019C00F8431E;
			remoteInfo = FetchData;
		};
/* End PBXContainerItemProxy section */

/* Begin PBXFileReference section */
		0456ACAB2CAD019C00F8431E /* FetchData.app */ = {isa = PBXFileReference; explicitFileType = wrapper.application; includeInIndex = 0; path = FetchData.app; sourceTree = BUILT_PRODUCTS_DIR; };
		0456ACBB2CAD019D00F8431E /* FetchDataTests.xctest */ = {isa = PBXFileReference; explicitFileType = wrapper.cfbundle; includeInIndex = 0; path = FetchDataTests.xctest; sourceTree = BUILT_PRODUCTS_DIR; };
		0456ACC52CAD019D00F8431E /* FetchDataUITests.xctest */ = {isa = PBXFileReference; explicitFileType = wrapper.cfbundle; includeInIndex = 0; path = FetchDataUITests.xctest; sourceTree = BUILT_PRODUCTS_DIR; };
/* End PBXFileReference section */

/* Begin PBXFileSystemSynchronizedRootGroup section */
		0456ACAD2CAD019C00F8431E /* FetchData */ = {
			isa = PBXFileSystemSynchronizedRootGroup;
			path = FetchData;
			sourceTree = "<group>";
		};
		0456ACBE2CAD019D00F8431E /* FetchDataTests */ = {
			isa = PBXFileSystemSynchronizedRootGroup;
			path = FetchDataTests;
			sourceTree = "<group>";
		};
		0456ACC82CAD019D00F8431E /* FetchDataUITests */ = {
			isa = PBXFileSystemSynchronizedRootGroup;
			path = FetchDataUITests;
			sourceTree = "<group>";
		};
/* End PBXFileSystemSynchronizedRootGroup section */

/* Begin PBXFrameworksBuildPhase section */
		0456ACA82CAD019C00F8431E /* Frameworks */ = {
			isa = PBXFrameworksBuildPhase;
			buildActionMask = 2147483647;
			files = (
			);
			runOnlyForDeploymentPostprocessing = 0;
		};
		0456ACB82CAD019D00F8431E /* Frameworks */ = {
			isa = PBXFrameworksBuildPhase;
			buildActionMask = 2147483647;
			files = (
			);
			runOnlyForDeploymentPostprocessing = 0;
		};
		0456ACC22CAD019D00F8431E /* Frameworks */ = {
			isa = PBXFrameworksBuildPhase;
			buildActionMask = 2147483647;
			files = (
			);
			runOnlyForDeploymentPostprocessing = 0;
		};
/* End PBXFrameworksBuildPhase section */

/* Begin PBXGroup section */
		0456ACA22CAD019C00F8431E = {
			isa = PBXGroup;
			children = (
				0456ACAD2CAD019C00F8431E /* FetchData */,
				0456ACBE2CAD019D00F8431E /* FetchDataTests */,
				0456ACC82CAD019D00F8431E /* FetchDataUITests */,
				0456ACAC2CAD019C00F8431E /* Products */,
			);
			sourceTree = "<group>";
		};
		0456ACAC2CAD019C00F8431E /* Products */ = {
			isa = PBXGroup;
			children = (
				0456ACAB2CAD019C00F8431E /* FetchData.app */,
				0456ACBB2CAD019D00F8431E /* FetchDataTests.xctest */,
				0456ACC52CAD019D00F8431E /* FetchDataUITests.xctest */,
			);
			name = Products;
			sourceTree = "<group>";
		};
/* End PBXGroup section */

/* Begin PBXNativeTarget section */
		0456ACAA2CAD019C00F8431E /* FetchData */ = {
			isa = PBXNativeTarget;
			buildConfigurationList = 0456ACCF2CAD019D00F8431E /* Build configuration list for PBXNativeTarget "FetchData" */;
			buildPhases = (
				0456ACA72CAD019C00F8431E /* Sources */,
				0456ACA82CAD019C00F8431E /* Frameworks */,
				0456ACA92CAD019C00F8431E /* Resources */,
			);
			buildRules = (
			);
			dependencies = (
			);
			fileSystemSynchronizedGroups = (
				0456ACAD2CAD019C00F8431E /* FetchData */,
			);
			name = FetchData;
			packageProductDependencies = (
			);
			productName = FetchData;
			productReference = 0456ACAB2CAD019C00F8431E /* FetchData.app */;
			productType = "com.apple.product-type.application";
		};
		0456ACBA2CAD019D00F8431E /* FetchDataTests */ = {
			isa = PBXNativeTarget;
			buildConfigurationList = 0456ACD22CAD019D00F8431E /* Build configuration list for PBXNativeTarget "FetchDataTests" */;
			buildPhases = (
				0456ACB72CAD019D00F8431E /* Sources */,
				0456ACB82CAD019D00F8431E /* Frameworks */,
				0456ACB92CAD019D00F8431E /* Resources */,
			);
			buildRules = (
			);
			dependencies = (
				0456ACBD2CAD019D00F8431E /* PBXTargetDependency */,
			);
			fileSystemSynchronizedGroups = (
				0456ACBE2CAD019D00F8431E /* FetchDataTests */,
			);
			name = FetchDataTests;
			packageProductDependencies = (
			);
			productName = FetchDataTests;
			productReference = 0456ACBB2CAD019D00F8431E /* FetchDataTests.xctest */;
			productType = "com.apple.product-type.bundle.unit-test";
		};
		0456ACC42CAD019D00F8431E /* FetchDataUITests */ = {
			isa = PBXNativeTarget;
			buildConfigurationList = 0456ACD52CAD019D00F8431E /* Build configuration list for PBXNativeTarget "FetchDataUITests" */;
			buildPhases = (
				0456ACC12CAD019D00F8431E /* Sources */,
				0456ACC22CAD019D00F8431E /* Frameworks */,
				0456ACC32CAD019D00F8431E /* Resources */,
			);
			buildRules = (
			);
			dependencies = (
				0456ACC72CAD019D00F8431E /* PBXTargetDependency */,
			);
			fileSystemSynchronizedGroups = (
				0456ACC82CAD019D00F8431E /* FetchDataUITests */,
			);
			name = FetchDataUITests;
			packageProductDependencies = (
			);
			productName = FetchDataUITests;
			productReference = 0456ACC52CAD019D00F8431E /* FetchDataUITests.xctest */;
			productType = "com.apple.product-type.bundle.ui-testing";
		};
/* End PBXNativeTarget section */

/* Begin PBXProject section */
		0456ACA32CAD019C00F8431E /* Project object */ = {
			isa = PBXProject;
			attributes = {
				BuildIndependentTargetsInParallel = 1;
				LastSwiftUpdateCheck = 1600;
				LastUpgradeCheck = 1600;
				TargetAttributes = {
					0456ACAA2CAD019C00F8431E = {
						CreatedOnToolsVersion = 16.0;
					};
					0456ACBA2CAD019D00F8431E = {
						CreatedOnToolsVersion = 16.0;
						TestTargetID = 0456ACAA2CAD019C00F8431E;
					};
					0456ACC42CAD019D00F8431E = {
						CreatedOnToolsVersion = 16.0;
						TestTargetID = 0456ACAA2CAD019C00F8431E;
					};
				};
			};
			buildConfigurationList = 0456ACA62CAD019C00F8431E /* Build configuration list for PBXProject "FetchData" */;
			developmentRegion = en;
			hasScannedForEncodings = 0;
			knownRegions = (
				en,
				Base,
			);
			mainGroup = 0456ACA22CAD019C00F8431E;
			minimizedProjectReferenceProxies = 1;
			preferredProjectObjectVersion = 77;
			productRefGroup = 0456ACAC2CAD019C00F8431E /* Products */;
			projectDirPath = "";
			projectRoot = "";
			targets = (
				0456ACAA2CAD019C00F8431E /* FetchData */,
				0456ACBA2CAD019D00F8431E /* FetchDataTests */,
				0456ACC42CAD019D00F8431E /* FetchDataUITests */,
			);
		};
/* End PBXProject section */

/* Begin PBXResourcesBuildPhase section */
		0456ACA92CAD019C00F8431E /* Resources */ = {
			isa = PBXResourcesBuildPhase;
			buildActionMask = 2147483647;
			files = (
			);
			runOnlyForDeploymentPostprocessing = 0;
		};
		0456ACB92CAD019D00F8431E /* Resources */ = {
			isa = PBXResourcesBuildPhase;
			buildActionMask = 2147483647;
			files = (
			);
			runOnlyForDeploymentPostprocessing = 0;
		};
		0456ACC32CAD019D00F8431E /* Resources */ = {
			isa = PBXResourcesBuildPhase;
			buildActionMask = 2147483647;
			files = (
			);
			runOnlyForDeploymentPostprocessing = 0;
		};
/* End PBXResourcesBuildPhase section */

/* Begin PBXSourcesBuildPhase section */
		0456ACA72CAD019C00F8431E /* Sources */ = {
			isa = PBXSourcesBuildPhase;
			buildActionMask = 2147483647;
			files = (
			);
			runOnlyForDeploymentPostprocessing = 0;
		};
		0456ACB72CAD019D00F8431E /* Sources */ = {
			isa = PBXSourcesBuildPhase;
			buildActionMask = 2147483647;
			files = (
			);
			runOnlyForDeploymentPostprocessing = 0;
		};
		0456ACC12CAD019D00F8431E /* Sources */ = {
			isa = PBXSourcesBuildPhase;
			buildActionMask = 2147483647;
			files = (
			);
			runOnlyForDeploymentPostprocessing = 0;
		};
/* End PBXSourcesBuildPhase section */

/* Begin PBXTargetDependency section */
		0456ACBD2CAD019D00F8431E /* PBXTargetDependency */ = {
			isa = PBXTargetDependency;
			target = 0456ACAA2CAD019C00F8431E /* FetchData */;
			targetProxy = 0456ACBC2CAD019D00F8431E /* PBXContainerItemProxy */;
		};
		0456ACC72CAD019D00F8431E /* PBXTargetDependency */ = {
			isa = PBXTargetDependency;
			target = 0456ACAA2CAD019C00F8431E /* FetchData */;
			targetProxy = 0456ACC62CAD019D00F8431E /* PBXContainerItemProxy */;
		};
/* End PBXTargetDependency section */

/* Begin XCBuildConfiguration section */
		0456ACCD2CAD019D00F8431E /* Debug */ = {
			isa = XCBuildConfiguration;
			buildSettings = {
				ALWAYS_SEARCH_USER_PATHS = NO;
				ASSETCATALOG_COMPILER_GENERATE_SWIFT_ASSET_SYMBOL_EXTENSIONS = YES;
				CLANG_ANALYZER_NONNULL = YES;
				CLANG_ANALYZER_NUMBER_OBJECT_CONVERSION = YES_AGGRESSIVE;
				CLANG_CXX_LANGUAGE_STANDARD = "gnu++20";
				CLANG_ENABLE_MODULES = YES;
				CLANG_ENABLE_OBJC_ARC = YES;
				CLANG_ENABLE_OBJC_WEAK = YES;
				CLANG_WARN_BLOCK_CAPTURE_AUTORELEASING = YES;
				CLANG_WARN_BOOL_CONVERSION = YES;
				CLANG_WARN_COMMA = YES;
				CLANG_WARN_CONSTANT_CONVERSION = YES;
				CLANG_WARN_DEPRECATED_OBJC_IMPLEMENTATIONS = YES;
				CLANG_WARN_DIRECT_OBJC_ISA_USAGE = YES_ERROR;
				CLANG_WARN_DOCUMENTATION_COMMENTS = YES;
				CLANG_WARN_EMPTY_BODY = YES;
				CLANG_WARN_ENUM_CONVERSION = YES;
				CLANG_WARN_INFINITE_RECURSION = YES;
				CLANG_WARN_INT_CONVERSION = YES;
				CLANG_WARN_NON_LITERAL_NULL_CONVERSION = YES;
				CLANG_WARN_OBJC_IMPLICIT_RETAIN_SELF = YES;
				CLANG_WARN_OBJC_LITERAL_CONVERSION = YES;
				CLANG_WARN_OBJC_ROOT_CLASS = YES_ERROR;
				CLANG_WARN_QUOTED_INCLUDE_IN_FRAMEWORK_HEADER = YES;
				CLANG_WARN_RANGE_LOOP_ANALYSIS = YES;
				CLANG_WARN_STRICT_PROTOTYPES = YES;
				CLANG_WARN_SUSPICIOUS_MOVE = YES;
				CLANG_WARN_UNGUARDED_AVAILABILITY = YES_AGGRESSIVE;
				CLANG_WARN_UNREACHABLE_CODE = YES;
				CLANG_WARN__DUPLICATE_METHOD_MATCH = YES;
				COPY_PHASE_STRIP = NO;
				DEBUG_INFORMATION_FORMAT = dwarf;
				ENABLE_STRICT_OBJC_MSGSEND = YES;
				ENABLE_TESTABILITY = YES;
				ENABLE_USER_SCRIPT_SANDBOXING = YES;
				GCC_C_LANGUAGE_STANDARD = gnu17;
				GCC_DYNAMIC_NO_PIC = NO;
				GCC_NO_COMMON_BLOCKS = YES;
				GCC_OPTIMIZATION_LEVEL = 0;
				GCC_PREPROCESSOR_DEFINITIONS = (
					"DEBUG=1",
					"$(inherited)",
				);
				GCC_WARN_64_TO_32_BIT_CONVERSION = YES;
				GCC_WARN_ABOUT_RETURN_TYPE = YES_ERROR;
				GCC_WARN_UNDECLARED_SELECTOR = YES;
				GCC_WARN_UNINITIALIZED_AUTOS = YES_AGGRESSIVE;
				GCC_WARN_UNUSED_FUNCTION = YES;
				GCC_WARN_UNUSED_VARIABLE = YES;
				IPHONEOS_DEPLOYMENT_TARGET = 18.0;
				LOCALIZATION_PREFERS_STRING_CATALOGS = YES;
				MTL_ENABLE_DEBUG_INFO = INCLUDE_SOURCE;
				MTL_FAST_MATH = YES;
				ONLY_ACTIVE_ARCH = YES;
				SDKROOT = iphoneos;
				SWIFT_ACTIVE_COMPILATION_CONDITIONS = "DEBUG $(inherited)";
				SWIFT_OPTIMIZATION_LEVEL = "-Onone";
			};
			name = Debug;
		};
		0456ACCE2CAD019D00F8431E /* Release */ = {
			isa = XCBuildConfiguration;
			buildSettings = {
				ALWAYS_SEARCH_USER_PATHS = NO;
				ASSETCATALOG_COMPILER_GENERATE_SWIFT_ASSET_SYMBOL_EXTENSIONS = YES;
				CLANG_ANALYZER_NONNULL = YES;
				CLANG_ANALYZER_NUMBER_OBJECT_CONVERSION = YES_AGGRESSIVE;
				CLANG_CXX_LANGUAGE_STANDARD = "gnu++20";
				CLANG_ENABLE_MODULES = YES;
				CLANG_ENABLE_OBJC_ARC = YES;
				CLANG_ENABLE_OBJC_WEAK = YES;
				CLANG_WARN_BLOCK_CAPTURE_AUTORELEASING = YES;
				CLANG_WARN_BOOL_CONVERSION = YES;
				CLANG_WARN_COMMA = YES;
				CLANG_WARN_CONSTANT_CONVERSION = YES;
				CLANG_WARN_DEPRECATED_OBJC_IMPLEMENTATIONS = YES;
				CLANG_WARN_DIRECT_OBJC_ISA_USAGE = YES_ERROR;
				CLANG_WARN_DOCUMENTATION_COMMENTS = YES;
				CLANG_WARN_EMPTY_BODY = YES;
				CLANG_WARN_ENUM_CONVERSION = YES;
				CLANG_WARN_INFINITE_RECURSION = YES;
				CLANG_WARN_INT_CONVERSION = YES;
				CLANG_WARN_NON_LITERAL_NULL_CONVERSION = YES;
				CLANG_WARN_OBJC_IMPLICIT_RETAIN_SELF = YES;
				CLANG_WARN_OBJC_LITERAL_CONVERSION = YES;
				CLANG_WARN_OBJC_ROOT_CLASS = YES_ERROR;
				CLANG_WARN_QUOTED_INCLUDE_IN_FRAMEWORK_HEADER = YES;
				CLANG_WARN_RANGE_LOOP_ANALYSIS = YES;
				CLANG_WARN_STRICT_PROTOTYPES = YES;
				CLANG_WARN_SUSPICIOUS_MOVE = YES;
				CLANG_WARN_UNGUARDED_AVAILABILITY = YES_AGGRESSIVE;
				CLANG_WARN_UNREACHABLE_CODE = YES;
				CLANG_WARN__DUPLICATE_METHOD_MATCH = YES;
				COPY_PHASE_STRIP = NO;
				DEBUG_INFORMATION_FORMAT = "dwarf-with-dsym";
				ENABLE_NS_ASSERTIONS = NO;
				ENABLE_STRICT_OBJC_MSGSEND = YES;
				ENABLE_USER_SCRIPT_SANDBOXING = YES;
				GCC_C_LANGUAGE_STANDARD = gnu17;
				GCC_NO_COMMON_BLOCKS = YES;
				GCC_WARN_64_TO_32_BIT_CONVERSION = YES;
				GCC_WARN_ABOUT_RETURN_TYPE = YES_ERROR;
				GCC_WARN_UNDECLARED_SELECTOR = YES;
				GCC_WARN_UNINITIALIZED_AUTOS = YES_AGGRESSIVE;
				GCC_WARN_UNUSED_FUNCTION = YES;
				GCC_WARN_UNUSED_VARIABLE = YES;
				IPHONEOS_DEPLOYMENT_TARGET = 18.0;
				LOCALIZATION_PREFERS_STRING_CATALOGS = YES;
				MTL_ENABLE_DEBUG_INFO = NO;
				MTL_FAST_MATH = YES;
				SDKROOT = iphoneos;
				SWIFT_COMPILATION_MODE = wholemodule;
				VALIDATE_PRODUCT = YES;
			};
			name = Release;
		};
		0456ACD02CAD019D00F8431E /* Debug */ = {
			isa = XCBuildConfiguration;
			buildSettings = {
				ASSETCATALOG_COMPILER_APPICON_NAME = AppIcon;
				ASSETCATALOG_COMPILER_GLOBAL_ACCENT_COLOR_NAME = AccentColor;
				CODE_SIGN_STYLE = Automatic;
				CURRENT_PROJECT_VERSION = 1;
				DEVELOPMENT_ASSET_PATHS = "\"FetchData/Preview Content\"";
				ENABLE_PREVIEWS = YES;
				GENERATE_INFOPLIST_FILE = YES;
				INFOPLIST_KEY_UIApplicationSceneManifest_Generation = YES;
				INFOPLIST_KEY_UIApplicationSupportsIndirectInputEvents = YES;
				INFOPLIST_KEY_UILaunchScreen_Generation = YES;
				INFOPLIST_KEY_UISupportedInterfaceOrientations_iPad = "UIInterfaceOrientationPortrait UIInterfaceOrientationPortraitUpsideDown UIInterfaceOrientationLandscapeLeft UIInterfaceOrientationLandscapeRight";
				INFOPLIST_KEY_UISupportedInterfaceOrientations_iPhone = "UIInterfaceOrientationPortrait UIInterfaceOrientationLandscapeLeft UIInterfaceOrientationLandscapeRight";
				LD_RUNPATH_SEARCH_PATHS = (
					"$(inherited)",
					"@executable_path/Frameworks",
				);
				MARKETING_VERSION = 1.0;
				PRODUCT_BUNDLE_IDENTIFIER = com.buildwithrisyad.FetchData;
				PRODUCT_NAME = "$(TARGET_NAME)";
				SWIFT_EMIT_LOC_STRINGS = YES;
				SWIFT_VERSION = 5.0;
				TARGETED_DEVICE_FAMILY = "1,2";
			};
			name = Debug;
		};
		0456ACD12CAD019D00F8431E /* Release */ = {
			isa = XCBuildConfiguration;
			buildSettings = {
				ASSETCATALOG_COMPILER_APPICON_NAME = AppIcon;
				ASSETCATALOG_COMPILER_GLOBAL_ACCENT_COLOR_NAME = AccentColor;
				CODE_SIGN_STYLE = Automatic;
				CURRENT_PROJECT_VERSION = 1;
				DEVELOPMENT_ASSET_PATHS = "\"FetchData/Preview Content\"";
				ENABLE_PREVIEWS = YES;
				GENERATE_INFOPLIST_FILE = YES;
				INFOPLIST_KEY_UIApplicationSceneManifest_Generation = YES;
				INFOPLIST_KEY_UIApplicationSupportsIndirectInputEvents = YES;
				INFOPLIST_KEY_UILaunchScreen_Generation = YES;
				INFOPLIST_KEY_UISupportedInterfaceOrientations_iPad = "UIInterfaceOrientationPortrait UIInterfaceOrientationPortraitUpsideDown UIInterfaceOrientationLandscapeLeft UIInterfaceOrientationLandscapeRight";
				INFOPLIST_KEY_UISupportedInterfaceOrientations_iPhone = "UIInterfaceOrientationPortrait UIInterfaceOrientationLandscapeLeft UIInterfaceOrientationLandscapeRight";
				LD_RUNPATH_SEARCH_PATHS = (
					"$(inherited)",
					"@executable_path/Frameworks",
				);
				MARKETING_VERSION = 1.0;
				PRODUCT_BUNDLE_IDENTIFIER = com.buildwithrisyad.FetchData;
				PRODUCT_NAME = "$(TARGET_NAME)";
				SWIFT_EMIT_LOC_STRINGS = YES;
				SWIFT_VERSION = 5.0;
				TARGETED_DEVICE_FAMILY = "1,2";
			};
			name = Release;
		};
		0456ACD32CAD019D00F8431E /* Debug */ = {
			isa = XCBuildConfiguration;
			buildSettings = {
				BUNDLE_LOADER = "$(TEST_HOST)";
				CODE_SIGN_STYLE = Automatic;
				CURRENT_PROJECT_VERSION = 1;
				GENERATE_INFOPLIST_FILE = YES;
				IPHONEOS_DEPLOYMENT_TARGET = 18.0;
				MARKETING_VERSION = 1.0;
				PRODUCT_BUNDLE_IDENTIFIER = com.buildwithrisyad.FetchDataTests;
				PRODUCT_NAME = "$(TARGET_NAME)";
				SWIFT_EMIT_LOC_STRINGS = NO;
				SWIFT_VERSION = 5.0;
				TARGETED_DEVICE_FAMILY = "1,2";
				TEST_HOST = "$(BUILT_PRODUCTS_DIR)/FetchData.app/$(BUNDLE_EXECUTABLE_FOLDER_PATH)/FetchData";
			};
			name = Debug;
		};
		0456ACD42CAD019D00F8431E /* Release */ = {
			isa = XCBuildConfiguration;
			buildSettings = {
				BUNDLE_LOADER = "$(TEST_HOST)";
				CODE_SIGN_STYLE = Automatic;
				CURRENT_PROJECT_VERSION = 1;
				GENERATE_INFOPLIST_FILE = YES;
				IPHONEOS_DEPLOYMENT_TARGET = 18.0;
				MARKETING_VERSION = 1.0;
				PRODUCT_BUNDLE_IDENTIFIER = com.buildwithrisyad.FetchDataTests;
				PRODUCT_NAME = "$(TARGET_NAME)";
				SWIFT_EMIT_LOC_STRINGS = NO;
				SWIFT_VERSION = 5.0;
				TARGETED_DEVICE_FAMILY = "1,2";
				TEST_HOST = "$(BUILT_PRODUCTS_DIR)/FetchData.app/$(BUNDLE_EXECUTABLE_FOLDER_PATH)/FetchData";
			};
			name = Release;
		};
		0456ACD62CAD019D00F8431E /* Debug */ = {
			isa = XCBuildConfiguration;
			buildSettings = {
				CODE_SIGN_STYLE = Automatic;
				CURRENT_PROJECT_VERSION = 1;
				GENERATE_INFOPLIST_FILE = YES;
				MARKETING_VERSION = 1.0;
				PRODUCT_BUNDLE_IDENTIFIER = com.buildwithrisyad.FetchDataUITests;
				PRODUCT_NAME = "$(TARGET_NAME)";
				SWIFT_EMIT_LOC_STRINGS = NO;
				SWIFT_VERSION = 5.0;
				TARGETED_DEVICE_FAMILY = "1,2";
				TEST_TARGET_NAME = FetchData;
			};
			name = Debug;
		};
		0456ACD72CAD019D00F8431E /* Release */ = {
			isa = XCBuildConfiguration;
			buildSettings = {
				CODE_SIGN_STYLE = Automatic;
				CURRENT_PROJECT_VERSION = 1;
				GENERATE_INFOPLIST_FILE = YES;
				MARKETING_VERSION = 1.0;
				PRODUCT_BUNDLE_IDENTIFIER = com.buildwithrisyad.FetchDataUITests;
				PRODUCT_NAME = "$(TARGET_NAME)";
				SWIFT_EMIT_LOC_STRINGS = NO;
				SWIFT_VERSION = 5.0;
				TARGETED_DEVICE_FAMILY = "1,2";
				TEST_TARGET_NAME = FetchData;
			};
			name = Release;
		};
/* End XCBuildConfiguration section */

/* Begin XCConfigurationList section */
		0456ACA62CAD019C00F8431E /* Build configuration list for PBXProject "FetchData" */ = {
			isa = XCConfigurationList;
			buildConfigurations = (
				0456ACCD2CAD019D00F8431E /* Debug */,
				0456ACCE2CAD019D00F8431E /* Release */,
			);
			defaultConfigurationIsVisible = 0;
			defaultConfigurationName = Release;
		};
		0456ACCF2CAD019D00F8431E /* Build configuration list for PBXNativeTarget "FetchData" */ = {
			isa = XCConfigurationList;
			buildConfigurations = (
				0456ACD02CAD019D00F8431E /* Debug */,
				0456ACD12CAD019D00F8431E /* Release */,
			);
			defaultConfigurationIsVisible = 0;
			defaultConfigurationName = Release;
		};
		0456ACD22CAD019D00F8431E /* Build configuration list for PBXNativeTarget "FetchDataTests" */ = {
			isa = XCConfigurationList;
			buildConfigurations = (
				0456ACD32CAD019D00F8431E /* Debug */,
				0456ACD42CAD019D00F8431E /* Release */,
			);
			defaultConfigurationIsVisible = 0;
			defaultConfigurationName = Release;
		};
		0456ACD52CAD019D00F8431E /* Build configuration list for PBXNativeTarget "FetchDataUITests" */ = {
			isa = XCConfigurationList;
			buildConfigurations = (
				0456ACD62CAD019D00F8431E /* Debug */,
				0456ACD72CAD019D00F8431E /* Release */,
			);
			defaultConfigurationIsVisible = 0;
			defaultConfigurationName = Release;
		};
/* End XCConfigurationList section */
	};
	rootObject = 0456ACA32CAD019C00F8431E /* Project object */;
}
